
Microsoft Visual Studio Solution File, Format Version 12.00
# Visual Studio Version 17
VisualStudioVersion = 17.4.33213.308
MinimumVisualStudioVersion = 10.0.40219.1
Project("{FAE04EC0-301F-11D3-BF4B-00C04F79EFBC}") = "OceanEcologyModel", "OceanEcologyModel\OceanEcologyModel.csproj", "{2750B5D0-7758-42E0-9D8A-F661167414AF}"
EndProject
Project("{FAE04EC0-301F-11D3-BF4B-00C04F79EFBC}") = "BL_Library", "BL_Library\BL_Library.csproj", "{F65E9734-FD3C-4647-A72D-3C141C22F15A}"
EndProject
Project("{FAE04EC0-301F-11D3-BF4B-00C04F79EFBC}") = "BL_Library.Test", "BL_Library.Test\BL_Library.Test.csproj", "{784834FB-0DBA-4B36-AC69-F16A69218947}"
EndProject
Global
	GlobalSection(SolutionConfigurationPlatforms) = preSolution
		Debug|Any CPU = Debug|Any CPU
		Release|Any CPU = Release|Any CPU
	EndGlobalSection
	GlobalSection(ProjectConfigurationPlatforms) = postSolution
		{2750B5D0-7758-42E0-9D8A-F661167414AF}.Debug|Any CPU.ActiveCfg = Debug|Any CPU
		{2750B5D0-7758-42E0-9D8A-F661167414AF}.Debug|Any CPU.Build.0 = Debug|Any CPU
		{2750B5D0-7758-42E0-9D8A-F661167414AF}.Release|Any CPU.ActiveCfg = Release|Any CPU
		{2750B5D0-7758-42E0-9D8A-F661167414AF}.Release|Any CPU.Build.0 = Release|Any CPU
		{F65E9734-FD3C-4647-A72D-3C141C22F15A}.Debug|Any CPU.ActiveCfg = Debug|Any CPU
		{F65E9734-FD3C-4647-A72D-3C141C22F15A}.Debug|Any CPU.Build.0 = Debug|Any CPU
		{F65E9734-FD3C-4647-A72D-3C141C22F15A}.Release|Any CPU.ActiveCfg = Release|Any CPU
		{F65E9734-FD3C-4647-A72D-3C141C22F15A}.Release|Any CPU.Build.0 = Release|Any CPU
		{784834FB-0DBA-4B36-AC69-F16A69218947}.Debug|Any CPU.ActiveCfg = Debug|Any CPU
		{784834FB-0DBA-4B36-AC69-F16A69218947}.Debug|Any CPU.Build.0 = Debug|Any CPU
		{784834FB-0DBA-4B36-AC69-F16A69218947}.Release|Any CPU.ActiveCfg = Release|Any CPU
		{784834FB-0DBA-4B36-AC69-F16A69218947}.Release|Any CPU.Build.0 = Release|Any CPU
	EndGlobalSection
	GlobalSection(SolutionProperties) = preSolution
		HideSolutionNode = FALSE
	EndGlobalSection
	GlobalSection(ExtensibilityGlobals) = postSolution
		SolutionGuid = {C75EE29E-A698-4D50-B213-7632EEA86F96}
	EndGlobalSection
EndGlobal
